// !$*UTF8*$!
{
	archiveVersion = 1;
	classes = {
	};
	objectVersion = 46;
	objects = {

/* Begin PBXBuildFile section */
		029B90B41C8C2D8100434B76 /* main.m in Sources */ = {isa = PBXBuildFile; fileRef = 029B90B31C8C2D8100434B76 /* main.m */; };
		029B90B71C8C2D8100434B76 /* AppDelegate.m in Sources */ = {isa = PBXBuildFile; fileRef = 029B90B61C8C2D8100434B76 /* AppDelegate.m */; };
		029B90BA1C8C2D8100434B76 /* ViewController.m in Sources */ = {isa = PBXBuildFile; fileRef = 029B90B91C8C2D8100434B76 /* ViewController.m */; };
		029B90BD1C8C2D8100434B76 /* Main.storyboard in Resources */ = {isa = PBXBuildFile; fileRef = 029B90BB1C8C2D8100434B76 /* Main.storyboard */; };
		029B90C01C8C2D8100434B76 /* ZupMovies.xcdatamodeld in Sources */ = {isa = PBXBuildFile; fileRef = 029B90BE1C8C2D8100434B76 /* ZupMovies.xcdatamodeld */; };
		029B90C21C8C2D8100434B76 /* Assets.xcassets in Resources */ = {isa = PBXBuildFile; fileRef = 029B90C11C8C2D8100434B76 /* Assets.xcassets */; };
		029B90C51C8C2D8100434B76 /* LaunchScreen.storyboard in Resources */ = {isa = PBXBuildFile; fileRef = 029B90C31C8C2D8100434B76 /* LaunchScreen.storyboard */; };
		029B90D01C8C3ACB00434B76 /* Movie.m in Sources */ = {isa = PBXBuildFile; fileRef = 029B90CF1C8C3ACB00434B76 /* Movie.m */; };
		029E08751C90CE8400320749 /* MovieDetailViewController.m in Sources */ = {isa = PBXBuildFile; fileRef = 029E08741C90CE8400320749 /* MovieDetailViewController.m */; };
		02E780231C9068D400B57648 /* zup_movies.png in Resources */ = {isa = PBXBuildFile; fileRef = 02E780221C9068D400B57648 /* zup_movies.png */; };
		04B1B8152E5322A287548B61 /* libPods-ZupMovies.a in Frameworks */ = {isa = PBXBuildFile; fileRef = D4AB27FA89167C0C076E13E6 /* libPods-ZupMovies.a */; };
/* End PBXBuildFile section */

/* Begin PBXFileReference section */
		029B90AF1C8C2D8100434B76 /* ZupMovies.app */ = {isa = PBXFileReference; explicitFileType = wrapper.application; includeInIndex = 0; path = ZupMovies.app; sourceTree = BUILT_PRODUCTS_DIR; };
		029B90B31C8C2D8100434B76 /* main.m */ = {isa = PBXFileReference; lastKnownFileType = sourcecode.c.objc; path = main.m; sourceTree = "<group>"; };
		029B90B51C8C2D8100434B76 /* AppDelegate.h */ = {isa = PBXFileReference; lastKnownFileType = sourcecode.c.h; path = AppDelegate.h; sourceTree = "<group>"; };
		029B90B61C8C2D8100434B76 /* AppDelegate.m */ = {isa = PBXFileReference; lastKnownFileType = sourcecode.c.objc; path = AppDelegate.m; sourceTree = "<group>"; };
		029B90B81C8C2D8100434B76 /* ViewController.h */ = {isa = PBXFileReference; lastKnownFileType = sourcecode.c.h; path = ViewController.h; sourceTree = "<group>"; };
		029B90B91C8C2D8100434B76 /* ViewController.m */ = {isa = PBXFileReference; lastKnownFileType = sourcecode.c.objc; path = ViewController.m; sourceTree = "<group>"; };
		029B90BC1C8C2D8100434B76 /* Base */ = {isa = PBXFileReference; lastKnownFileType = file.storyboard; name = Base; path = Base.lproj/Main.storyboard; sourceTree = "<group>"; };
		029B90BF1C8C2D8100434B76 /* ZupMovies.xcdatamodel */ = {isa = PBXFileReference; lastKnownFileType = wrapper.xcdatamodel; path = ZupMovies.xcdatamodel; sourceTree = "<group>"; };
		029B90C11C8C2D8100434B76 /* Assets.xcassets */ = {isa = PBXFileReference; lastKnownFileType = folder.assetcatalog; path = Assets.xcassets; sourceTree = "<group>"; };
		029B90C41C8C2D8100434B76 /* Base */ = {isa = PBXFileReference; lastKnownFileType = file.storyboard; name = Base; path = Base.lproj/LaunchScreen.storyboard; sourceTree = "<group>"; };
		029B90C61C8C2D8100434B76 /* Info.plist */ = {isa = PBXFileReference; lastKnownFileType = text.plist.xml; path = Info.plist; sourceTree = "<group>"; };
		029B90CE1C8C3ACB00434B76 /* Movie.h */ = {isa = PBXFileReference; fileEncoding = 4; lastKnownFileType = sourcecode.c.h; path = Movie.h; sourceTree = "<group>"; };
		029B90CF1C8C3ACB00434B76 /* Movie.m */ = {isa = PBXFileReference; fileEncoding = 4; lastKnownFileType = sourcecode.c.objc; path = Movie.m; sourceTree = "<group>"; };
		029B90D11C8C7F9A00434B76 /* Constants.h */ = {isa = PBXFileReference; lastKnownFileType = sourcecode.c.h; path = Constants.h; sourceTree = "<group>"; };
		029E08731C90CE8400320749 /* MovieDetailViewController.h */ = {isa = PBXFileReference; fileEncoding = 4; lastKnownFileType = sourcecode.c.h; path = MovieDetailViewController.h; sourceTree = "<group>"; };
		029E08741C90CE8400320749 /* MovieDetailViewController.m */ = {isa = PBXFileReference; fileEncoding = 4; lastKnownFileType = sourcecode.c.objc; path = MovieDetailViewController.m; sourceTree = "<group>"; };
		02E780221C9068D400B57648 /* zup_movies.png */ = {isa = PBXFileReference; lastKnownFileType = image.png; path = zup_movies.png; sourceTree = "<group>"; };
		6B4BA2C31FEA6B3D74D4836C /* Pods-ZupMovies.release.xcconfig */ = {isa = PBXFileReference; includeInIndex = 1; lastKnownFileType = text.xcconfig; name = "Pods-ZupMovies.release.xcconfig"; path = "Pods/Target Support Files/Pods-ZupMovies/Pods-ZupMovies.release.xcconfig"; sourceTree = "<group>"; };
		97F20A1B45F6C89EAD350DEF /* Pods-ZupMovies.debug.xcconfig */ = {isa = PBXFileReference; includeInIndex = 1; lastKnownFileType = text.xcconfig; name = "Pods-ZupMovies.debug.xcconfig"; path = "Pods/Target Support Files/Pods-ZupMovies/Pods-ZupMovies.debug.xcconfig"; sourceTree = "<group>"; };
		D4AB27FA89167C0C076E13E6 /* libPods-ZupMovies.a */ = {isa = PBXFileReference; explicitFileType = archive.ar; includeInIndex = 0; path = "libPods-ZupMovies.a"; sourceTree = BUILT_PRODUCTS_DIR; };
/* End PBXFileReference section */

/* Begin PBXFrameworksBuildPhase section */
		029B90AC1C8C2D8100434B76 /* Frameworks */ = {
			isa = PBXFrameworksBuildPhase;
			buildActionMask = 2147483647;
			files = (
				04B1B8152E5322A287548B61 /* libPods-ZupMovies.a in Frameworks */,
			);
			runOnlyForDeploymentPostprocessing = 0;
		};
/* End PBXFrameworksBuildPhase section */

/* Begin PBXGroup section */
		029B90A61C8C2D8100434B76 = {
			isa = PBXGroup;
			children = (
				029B90B11C8C2D8100434B76 /* ZupMovies */,
				029B90B01C8C2D8100434B76 /* Products */,
				5CB21F72110F4AB32664586E /* Pods */,
				B4FBAB9CF83BCFFB384D4292 /* Frameworks */,
			);
			sourceTree = "<group>";
		};
		029B90B01C8C2D8100434B76 /* Products */ = {
			isa = PBXGroup;
			children = (
				029B90AF1C8C2D8100434B76 /* ZupMovies.app */,
			);
			name = Products;
			sourceTree = "<group>";
		};
		029B90B11C8C2D8100434B76 /* ZupMovies */ = {
			isa = PBXGroup;
			children = (
				029B90B51C8C2D8100434B76 /* AppDelegate.h */,
				029B90B61C8C2D8100434B76 /* AppDelegate.m */,
				029B90D11C8C7F9A00434B76 /* Constants.h */,
				029E08721C90CE3600320749 /* ViewControllers */,
				029B90CD1C8C3ABB00434B76 /* Domain */,
				029B90BB1C8C2D8100434B76 /* Main.storyboard */,
				029B90C11C8C2D8100434B76 /* Assets.xcassets */,
				029B90C31C8C2D8100434B76 /* LaunchScreen.storyboard */,
				029B90C61C8C2D8100434B76 /* Info.plist */,
				029B90BE1C8C2D8100434B76 /* ZupMovies.xcdatamodeld */,
				029B90B21C8C2D8100434B76 /* Supporting Files */,
			);
			path = ZupMovies;
			sourceTree = "<group>";
		};
		029B90B21C8C2D8100434B76 /* Supporting Files */ = {
			isa = PBXGroup;
			children = (
				02E780211C90684400B57648 /* Images */,
				029B90B31C8C2D8100434B76 /* main.m */,
			);
			name = "Supporting Files";
			sourceTree = "<group>";
		};
		029B90CD1C8C3ABB00434B76 /* Domain */ = {
			isa = PBXGroup;
			children = (
				029B90CE1C8C3ACB00434B76 /* Movie.h */,
				029B90CF1C8C3ACB00434B76 /* Movie.m */,
			);
			name = Domain;
			sourceTree = "<group>";
		};
		029E08721C90CE3600320749 /* ViewControllers */ = {
			isa = PBXGroup;
			children = (
				029B90B81C8C2D8100434B76 /* ViewController.h */,
				029B90B91C8C2D8100434B76 /* ViewController.m */,
				029E08731C90CE8400320749 /* MovieDetailViewController.h */,
				029E08741C90CE8400320749 /* MovieDetailViewController.m */,
			);
			name = ViewControllers;
			sourceTree = "<group>";
		};
		02E780211C90684400B57648 /* Images */ = {
			isa = PBXGroup;
			children = (
				02E780221C9068D400B57648 /* zup_movies.png */,
			);
			name = Images;
			sourceTree = "<group>";
		};
		5CB21F72110F4AB32664586E /* Pods */ = {
			isa = PBXGroup;
			children = (
				97F20A1B45F6C89EAD350DEF /* Pods-ZupMovies.debug.xcconfig */,
				6B4BA2C31FEA6B3D74D4836C /* Pods-ZupMovies.release.xcconfig */,
			);
			name = Pods;
			sourceTree = "<group>";
		};
		B4FBAB9CF83BCFFB384D4292 /* Frameworks */ = {
			isa = PBXGroup;
			children = (
				D4AB27FA89167C0C076E13E6 /* libPods-ZupMovies.a */,
			);
			name = Frameworks;
			sourceTree = "<group>";
		};
/* End PBXGroup section */

/* Begin PBXNativeTarget section */
		029B90AE1C8C2D8100434B76 /* ZupMovies */ = {
			isa = PBXNativeTarget;
			buildConfigurationList = 029B90C91C8C2D8100434B76 /* Build configuration list for PBXNativeTarget "ZupMovies" */;
			buildPhases = (
				46F6FB91E43DE4F06D3121DF /* Check Pods Manifest.lock */,
				029B90AB1C8C2D8100434B76 /* Sources */,
				029B90AC1C8C2D8100434B76 /* Frameworks */,
				029B90AD1C8C2D8100434B76 /* Resources */,
				075C85F7C4D24612CFB19DDF /* Embed Pods Frameworks */,
				66A7D9872692B753CF86244D /* Copy Pods Resources */,
			);
			buildRules = (
			);
			dependencies = (
			);
			name = ZupMovies;
			productName = ZupMovies;
			productReference = 029B90AF1C8C2D8100434B76 /* ZupMovies.app */;
			productType = "com.apple.product-type.application";
		};
/* End PBXNativeTarget section */

/* Begin PBXProject section */
		029B90A71C8C2D8100434B76 /* Project object */ = {
			isa = PBXProject;
			attributes = {
				LastUpgradeCheck = 0720;
				ORGANIZATIONNAME = "Antonio Carlos Silva";
				TargetAttributes = {
					029B90AE1C8C2D8100434B76 = {
						CreatedOnToolsVersion = 7.2.1;
					};
				};
			};
			buildConfigurationList = 029B90AA1C8C2D8100434B76 /* Build configuration list for PBXProject "ZupMovies" */;
			compatibilityVersion = "Xcode 3.2";
			developmentRegion = English;
			hasScannedForEncodings = 0;
			knownRegions = (
				en,
				Base,
			);
			mainGroup = 029B90A61C8C2D8100434B76;
			productRefGroup = 029B90B01C8C2D8100434B76 /* Products */;
			projectDirPath = "";
			projectRoot = "";
			targets = (
				029B90AE1C8C2D8100434B76 /* ZupMovies */,
			);
		};
/* End PBXProject section */

/* Begin PBXResourcesBuildPhase section */
		029B90AD1C8C2D8100434B76 /* Resources */ = {
			isa = PBXResourcesBuildPhase;
			buildActionMask = 2147483647;
			files = (
				029B90C51C8C2D8100434B76 /* LaunchScreen.storyboard in Resources */,
				029B90C21C8C2D8100434B76 /* Assets.xcassets in Resources */,
				02E780231C9068D400B57648 /* zup_movies.png in Resources */,
				029B90BD1C8C2D8100434B76 /* Main.storyboard in Resources */,
			);
			runOnlyForDeploymentPostprocessing = 0;
		};
/* End PBXResourcesBuildPhase section */

/* Begin PBXShellScriptBuildPhase section */
		075C85F7C4D24612CFB19DDF /* Embed Pods Frameworks */ = {
			isa = PBXShellScriptBuildPhase;
			buildActionMask = 2147483647;
			files = (
			);
			inputPaths = (
			);
			name = "Embed Pods Frameworks";
			outputPaths = (
			);
			runOnlyForDeploymentPostprocessing = 0;
			shellPath = /bin/sh;
			shellScript = "\"${SRCROOT}/Pods/Target Support Files/Pods-ZupMovies/Pods-ZupMovies-frameworks.sh\"\n";
			showEnvVarsInLog = 0;
		};
		46F6FB91E43DE4F06D3121DF /* Check Pods Manifest.lock */ = {
			isa = PBXShellScriptBuildPhase;
			buildActionMask = 2147483647;
			files = (
			);
			inputPaths = (
			);
			name = "Check Pods Manifest.lock";
			outputPaths = (
			);
			runOnlyForDeploymentPostprocessing = 0;
			shellPath = /bin/sh;
			shellScript = "diff \"${PODS_ROOT}/../Podfile.lock\" \"${PODS_ROOT}/Manifest.lock\" > /dev/null\nif [[ $? != 0 ]] ; then\n    cat << EOM\nerror: The sandbox is not in sync with the Podfile.lock. Run 'pod install' or update your CocoaPods installation.\nEOM\n    exit 1\nfi\n";
			showEnvVarsInLog = 0;
		};
		66A7D9872692B753CF86244D /* Copy Pods Resources */ = {
			isa = PBXShellScriptBuildPhase;
			buildActionMask = 2147483647;
			files = (
			);
			inputPaths = (
			);
			name = "Copy Pods Resources";
			outputPaths = (
			);
			runOnlyForDeploymentPostprocessing = 0;
			shellPath = /bin/sh;
			shellScript = "\"${SRCROOT}/Pods/Target Support Files/Pods-ZupMovies/Pods-ZupMovies-resources.sh\"\n";
			showEnvVarsInLog = 0;
		};
/* End PBXShellScriptBuildPhase section */

/* Begin PBXSourcesBuildPhase section */
		029B90AB1C8C2D8100434B76 /* Sources */ = {
			isa = PBXSourcesBuildPhase;
			buildActionMask = 2147483647;
			files = (
				029E08751C90CE8400320749 /* MovieDetailViewController.m in Sources */,
				029B90C01C8C2D8100434B76 /* ZupMovies.xcdatamodeld in Sources */,
				029B90BA1C8C2D8100434B76 /* ViewController.m in Sources */,
				029B90D01C8C3ACB00434B76 /* Movie.m in Sources */,
				029B90B71C8C2D8100434B76 /* AppDelegate.m in Sources */,
				029B90B41C8C2D8100434B76 /* main.m in Sources */,
			);
			runOnlyForDeploymentPostprocessing = 0;
		};
/* End PBXSourcesBuildPhase section */

/* Begin PBXVariantGroup section */
		029B90BB1C8C2D8100434B76 /* Main.storyboard */ = {
			isa = PBXVariantGroup;
			children = (
				029B90BC1C8C2D8100434B76 /* Base */,
			);
			name = Main.storyboard;
			sourceTree = "<group>";
		};
		029B90C31C8C2D8100434B76 /* LaunchScreen.storyboard */ = {
			isa = PBXVariantGroup;
			children = (
				029B90C41C8C2D8100434B76 /* Base */,
			);
			name = LaunchScreen.storyboard;
			sourceTree = "<group>";
		};
/* End PBXVariantGroup section */

/* Begin XCBuildConfiguration section */
		029B90C71C8C2D8100434B76 /* Debug */ = {
			isa = XCBuildConfiguration;
			buildSettings = {
				ALWAYS_SEARCH_USER_PATHS = NO;
				CLANG_CXX_LANGUAGE_STANDARD = "gnu++0x";
				CLANG_CXX_LIBRARY = "libc++";
				CLANG_ENABLE_MODULES = YES;
				CLANG_ENABLE_OBJC_ARC = YES;
				CLANG_WARN_BOOL_CONVERSION = YES;
				CLANG_WARN_CONSTANT_CONVERSION = YES;
				CLANG_WARN_DIRECT_OBJC_ISA_USAGE = YES_ERROR;
				CLANG_WARN_EMPTY_BODY = YES;
				CLANG_WARN_ENUM_CONVERSION = YES;
				CLANG_WARN_INT_CONVERSION = YES;
				CLANG_WARN_OBJC_ROOT_CLASS = YES_ERROR;
				CLANG_WARN_UNREACHABLE_CODE = YES;
				CLANG_WARN__DUPLICATE_METHOD_MATCH = YES;
				"CODE_SIGN_IDENTITY[sdk=iphoneos*]" = "iPhone Developer";
				COPY_PHASE_STRIP = NO;
				DEBUG_INFORMATION_FORMAT = dwarf;
				ENABLE_STRICT_OBJC_MSGSEND = YES;
				ENABLE_TESTABILITY = YES;
				GCC_C_LANGUAGE_STANDARD = gnu99;
				GCC_DYNAMIC_NO_PIC = NO;
				GCC_NO_COMMON_BLOCKS = YES;
				GCC_OPTIMIZATION_LEVEL = 0;
				GCC_PREPROCESSOR_DEFINITIONS = (
					"DEBUG=1",
					"$(inherited)",
				);
				GCC_WARN_64_TO_32_BIT_CONVERSION = YES;
				GCC_WARN_ABOUT_RETURN_TYPE = YES_ERROR;
				GCC_WARN_UNDECLARED_SELECTOR = YES;
				GCC_WARN_UNINITIALIZED_AUTOS = YES_AGGRESSIVE;
				GCC_WARN_UNUSED_FUNCTION = YES;
				GCC_WARN_UNUSED_VARIABLE = YES;
				IPHONEOS_DEPLOYMENT_TARGET = 9.2;
				MTL_ENABLE_DEBUG_INFO = YES;
				ONLY_ACTIVE_ARCH = YES;
				SDKROOT = iphoneos;
			};
			name = Debug;
		};
		029B90C81C8C2D8100434B76 /* Release */ = {
			isa = XCBuildConfiguration;
			buildSettings = {
				ALWAYS_SEARCH_USER_PATHS = NO;
				CLANG_CXX_LANGUAGE_STANDARD = "gnu++0x";
				CLANG_CXX_LIBRARY = "libc++";
				CLANG_ENABLE_MODULES = YES;
				CLANG_ENABLE_OBJC_ARC = YES;
				CLANG_WARN_BOOL_CONVERSION = YES;
				CLANG_WARN_CONSTANT_CONVERSION = YES;
				CLANG_WARN_DIRECT_OBJC_ISA_USAGE = YES_ERROR;
				CLANG_WARN_EMPTY_BODY = YES;
				CLANG_WARN_ENUM_CONVERSION = YES;
				CLANG_WARN_INT_CONVERSION = YES;
				CLANG_WARN_OBJC_ROOT_CLASS = YES_ERROR;
				CLANG_WARN_UNREACHABLE_CODE = YES;
				CLANG_WARN__DUPLICATE_METHOD_MATCH = YES;
				"CODE_SIGN_IDENTITY[sdk=iphoneos*]" = "iPhone Developer";
				COPY_PHASE_STRIP = NO;
				DEBUG_INFORMATION_FORMAT = "dwarf-with-dsym";
				ENABLE_NS_ASSERTIONS = NO;
				ENABLE_STRICT_OBJC_MSGSEND = YES;
				GCC_C_LANGUAGE_STANDARD = gnu99;
				GCC_NO_COMMON_BLOCKS = YES;
				GCC_WARN_64_TO_32_BIT_CONVERSION = YES;
				GCC_WARN_ABOUT_RETURN_TYPE = YES_ERROR;
				GCC_WARN_UNDECLARED_SELECTOR = YES;
				GCC_WARN_UNINITIALIZED_AUTOS = YES_AGGRESSIVE;
				GCC_WARN_UNUSED_FUNCTION = YES;
				GCC_WARN_UNUSED_VARIABLE = YES;
				IPHONEOS_DEPLOYMENT_TARGET = 9.2;
				MTL_ENABLE_DEBUG_INFO = NO;
				SDKROOT = iphoneos;
				VALIDATE_PRODUCT = YES;
			};
			name = Release;
		};
		029B90CA1C8C2D8100434B76 /* Debug */ = {
			isa = XCBuildConfiguration;
			baseConfigurationReference = 97F20A1B45F6C89EAD350DEF /* Pods-ZupMovies.debug.xcconfig */;
			buildSettings = {
				ASSETCATALOG_COMPILER_APPICON_NAME = AppIcon;
				INFOPLIST_FILE = ZupMovies/Info.plist;
				LD_RUNPATH_SEARCH_PATHS = "$(inherited) @executable_path/Frameworks";
				PRODUCT_BUNDLE_IDENTIFIER = br.com.zup.ZupMovies;
				PRODUCT_NAME = "$(TARGET_NAME)";
			};
			name = Debug;
		};
		029B90CB1C8C2D8100434B76 /* Release */ = {
			isa = XCBuildConfiguration;
			baseConfigurationReference = 6B4BA2C31FEA6B3D74D4836C /* Pods-ZupMovies.release.xcconfig */;
			buildSettings = {
				ASSETCATALOG_COMPILER_APPICON_NAME = AppIcon;
				INFOPLIST_FILE = ZupMovies/Info.plist;
				LD_RUNPATH_SEARCH_PATHS = "$(inherited) @executable_path/Frameworks";
				PRODUCT_BUNDLE_IDENTIFIER = br.com.zup.ZupMovies;
				PRODUCT_NAME = "$(TARGET_NAME)";
			};
			name = Release;
		};
/* End XCBuildConfiguration section */

/* Begin XCConfigurationList section */
		029B90AA1C8C2D8100434B76 /* Build configuration list for PBXProject "ZupMovies" */ = {
			isa = XCConfigurationList;
			buildConfigurations = (
				029B90C71C8C2D8100434B76 /* Debug */,
				029B90C81C8C2D8100434B76 /* Release */,
			);
			defaultConfigurationIsVisible = 0;
			defaultConfigurationName = Release;
		};
		029B90C91C8C2D8100434B76 /* Build configuration list for PBXNativeTarget "ZupMovies" */ = {
			isa = XCConfigurationList;
			buildConfigurations = (
				029B90CA1C8C2D8100434B76 /* Debug */,
				029B90CB1C8C2D8100434B76 /* Release */,
			);
			defaultConfigurationIsVisible = 0;
			defaultConfigurationName = Release;
		};
/* End XCConfigurationList section */

/* Begin XCVersionGroup section */
		029B90BE1C8C2D8100434B76 /* ZupMovies.xcdatamodeld */ = {
			isa = XCVersionGroup;
			children = (
				029B90BF1C8C2D8100434B76 /* ZupMovies.xcdatamodel */,
			);
			currentVersion = 029B90BF1C8C2D8100434B76 /* ZupMovies.xcdatamodel */;
			path = ZupMovies.xcdatamodeld;
			sourceTree = "<group>";
			versionGroupType = wrapper.xcdatamodel;
		};
/* End XCVersionGroup section */
	};
	rootObject = 029B90A71C8C2D8100434B76 /* Project object */;
}
